// !$*UTF8*$!
{
	archiveVersion = 1;
	classes = {
	};
	objectVersion = 50;
	objects = {

/* Begin PBXBuildFile section */
		A44FF1B526A8ED8200CE9992 /* AppDelegate.swift in Sources */ = {isa = PBXBuildFile; fileRef = A44FF1B426A8ED8200CE9992 /* AppDelegate.swift */; };
		A44FF1B726A8ED8200CE9992 /* SceneDelegate.swift in Sources */ = {isa = PBXBuildFile; fileRef = A44FF1B626A8ED8200CE9992 /* SceneDelegate.swift */; };
		A44FF1B926A8ED8200CE9992 /* ViewController.swift in Sources */ = {isa = PBXBuildFile; fileRef = A44FF1B826A8ED8200CE9992 /* ViewController.swift */; };
		A44FF1BC26A8ED8200CE9992 /* Main.storyboard in Resources */ = {isa = PBXBuildFile; fileRef = A44FF1BA26A8ED8200CE9992 /* Main.storyboard */; };
		A44FF1BE26A8ED8400CE9992 /* Assets.xcassets in Resources */ = {isa = PBXBuildFile; fileRef = A44FF1BD26A8ED8400CE9992 /* Assets.xcassets */; };
		A44FF1C126A8ED8400CE9992 /* LaunchScreen.storyboard in Resources */ = {isa = PBXBuildFile; fileRef = A44FF1BF26A8ED8400CE9992 /* LaunchScreen.storyboard */; };
		A44FF1CC26A8ED8500CE9992 /* TryCatchTests.swift in Sources */ = {isa = PBXBuildFile; fileRef = A44FF1CB26A8ED8500CE9992 /* TryCatchTests.swift */; };
		A44FF1D726A8ED8500CE9992 /* TryCatchUITests.swift in Sources */ = {isa = PBXBuildFile; fileRef = A44FF1D626A8ED8500CE9992 /* TryCatchUITests.swift */; };
/* End PBXBuildFile section */

/* Begin PBXContainerItemProxy section */
		A44FF1C826A8ED8500CE9992 /* PBXContainerItemProxy */ = {
			isa = PBXContainerItemProxy;
			containerPortal = A44FF1A926A8ED8200CE9992 /* Project object */;
			proxyType = 1;
			remoteGlobalIDString = A44FF1B026A8ED8200CE9992;
			remoteInfo = TryCatch;
		};
		A44FF1D326A8ED8500CE9992 /* PBXContainerItemProxy */ = {
			isa = PBXContainerItemProxy;
			containerPortal = A44FF1A926A8ED8200CE9992 /* Project object */;
			proxyType = 1;
			remoteGlobalIDString = A44FF1B026A8ED8200CE9992;
			remoteInfo = TryCatch;
		};
/* End PBXContainerItemProxy section */

/* Begin PBXFileReference section */
		A44FF1B126A8ED8200CE9992 /* TryCatch.app */ = {isa = PBXFileReference; explicitFileType = wrapper.application; includeInIndex = 0; path = TryCatch.app; sourceTree = BUILT_PRODUCTS_DIR; };
		A44FF1B426A8ED8200CE9992 /* AppDelegate.swift */ = {isa = PBXFileReference; lastKnownFileType = sourcecode.swift; path = AppDelegate.swift; sourceTree = "<group>"; };
		A44FF1B626A8ED8200CE9992 /* SceneDelegate.swift */ = {isa = PBXFileReference; lastKnownFileType = sourcecode.swift; path = SceneDelegate.swift; sourceTree = "<group>"; };
		A44FF1B826A8ED8200CE9992 /* ViewController.swift */ = {isa = PBXFileReference; lastKnownFileType = sourcecode.swift; path = ViewController.swift; sourceTree = "<group>"; };
		A44FF1BB26A8ED8200CE9992 /* Base */ = {isa = PBXFileReference; lastKnownFileType = file.storyboard; name = Base; path = Base.lproj/Main.storyboard; sourceTree = "<group>"; };
		A44FF1BD26A8ED8400CE9992 /* Assets.xcassets */ = {isa = PBXFileReference; lastKnownFileType = folder.assetcatalog; path = Assets.xcassets; sourceTree = "<group>"; };
		A44FF1C026A8ED8400CE9992 /* Base */ = {isa = PBXFileReference; lastKnownFileType = file.storyboard; name = Base; path = Base.lproj/LaunchScreen.storyboard; sourceTree = "<group>"; };
		A44FF1C226A8ED8500CE9992 /* Info.plist */ = {isa = PBXFileReference; lastKnownFileType = text.plist.xml; path = Info.plist; sourceTree = "<group>"; };
		A44FF1C726A8ED8500CE9992 /* TryCatchTests.xctest */ = {isa = PBXFileReference; explicitFileType = wrapper.cfbundle; includeInIndex = 0; path = TryCatchTests.xctest; sourceTree = BUILT_PRODUCTS_DIR; };
		A44FF1CB26A8ED8500CE9992 /* TryCatchTests.swift */ = {isa = PBXFileReference; lastKnownFileType = sourcecode.swift; path = TryCatchTests.swift; sourceTree = "<group>"; };
		A44FF1CD26A8ED8500CE9992 /* Info.plist */ = {isa = PBXFileReference; lastKnownFileType = text.plist.xml; path = Info.plist; sourceTree = "<group>"; };
		A44FF1D226A8ED8500CE9992 /* TryCatchUITests.xctest */ = {isa = PBXFileReference; explicitFileType = wrapper.cfbundle; includeInIndex = 0; path = TryCatchUITests.xctest; sourceTree = BUILT_PRODUCTS_DIR; };
		A44FF1D626A8ED8500CE9992 /* TryCatchUITests.swift */ = {isa = PBXFileReference; lastKnownFileType = sourcecode.swift; path = TryCatchUITests.swift; sourceTree = "<group>"; };
		A44FF1D826A8ED8500CE9992 /* Info.plist */ = {isa = PBXFileReference; lastKnownFileType = text.plist.xml; path = Info.plist; sourceTree = "<group>"; };
/* End PBXFileReference section */

/* Begin PBXFrameworksBuildPhase section */
		A44FF1AE26A8ED8200CE9992 /* Frameworks */ = {
			isa = PBXFrameworksBuildPhase;
			buildActionMask = 2147483647;
			files = (
			);
			runOnlyForDeploymentPostprocessing = 0;
		};
		A44FF1C426A8ED8500CE9992 /* Frameworks */ = {
			isa = PBXFrameworksBuildPhase;
			buildActionMask = 2147483647;
			files = (
			);
			runOnlyForDeploymentPostprocessing = 0;
		};
		A44FF1CF26A8ED8500CE9992 /* Frameworks */ = {
			isa = PBXFrameworksBuildPhase;
			buildActionMask = 2147483647;
			files = (
			);
			runOnlyForDeploymentPostprocessing = 0;
		};
/* End PBXFrameworksBuildPhase section */

/* Begin PBXGroup section */
		A44FF1A826A8ED8200CE9992 = {
			isa = PBXGroup;
			children = (
				A44FF1B326A8ED8200CE9992 /* TryCatch */,
				A44FF1CA26A8ED8500CE9992 /* TryCatchTests */,
				A44FF1D526A8ED8500CE9992 /* TryCatchUITests */,
				A44FF1B226A8ED8200CE9992 /* Products */,
			);
			sourceTree = "<group>";
		};
		A44FF1B226A8ED8200CE9992 /* Products */ = {
			isa = PBXGroup;
			children = (
				A44FF1B126A8ED8200CE9992 /* TryCatch.app */,
				A44FF1C726A8ED8500CE9992 /* TryCatchTests.xctest */,
				A44FF1D226A8ED8500CE9992 /* TryCatchUITests.xctest */,
			);
			name = Products;
			sourceTree = "<group>";
		};
		A44FF1B326A8ED8200CE9992 /* TryCatch */ = {
			isa = PBXGroup;
			children = (
				A44FF1B426A8ED8200CE9992 /* AppDelegate.swift */,
				A44FF1B626A8ED8200CE9992 /* SceneDelegate.swift */,
				A44FF1B826A8ED8200CE9992 /* ViewController.swift */,
				A44FF1BA26A8ED8200CE9992 /* Main.storyboard */,
				A44FF1BD26A8ED8400CE9992 /* Assets.xcassets */,
				A44FF1BF26A8ED8400CE9992 /* LaunchScreen.storyboard */,
				A44FF1C226A8ED8500CE9992 /* Info.plist */,
			);
			path = TryCatch;
			sourceTree = "<group>";
		};
		A44FF1CA26A8ED8500CE9992 /* TryCatchTests */ = {
			isa = PBXGroup;
			children = (
				A44FF1CB26A8ED8500CE9992 /* TryCatchTests.swift */,
				A44FF1CD26A8ED8500CE9992 /* Info.plist */,
			);
			path = TryCatchTests;
			sourceTree = "<group>";
		};
		A44FF1D526A8ED8500CE9992 /* TryCatchUITests */ = {
			isa = PBXGroup;
			children = (
				A44FF1D626A8ED8500CE9992 /* TryCatchUITests.swift */,
				A44FF1D826A8ED8500CE9992 /* Info.plist */,
			);
			path = TryCatchUITests;
			sourceTree = "<group>";
		};
/* End PBXGroup section */

/* Begin PBXNativeTarget section */
		A44FF1B026A8ED8200CE9992 /* TryCatch */ = {
			isa = PBXNativeTarget;
			buildConfigurationList = A44FF1DB26A8ED8500CE9992 /* Build configuration list for PBXNativeTarget "TryCatch" */;
			buildPhases = (
				A44FF1AD26A8ED8200CE9992 /* Sources */,
				A44FF1AE26A8ED8200CE9992 /* Frameworks */,
				A44FF1AF26A8ED8200CE9992 /* Resources */,
			);
			buildRules = (
			);
			dependencies = (
			);
			name = TryCatch;
			productName = TryCatch;
			productReference = A44FF1B126A8ED8200CE9992 /* TryCatch.app */;
			productType = "com.apple.product-type.application";
		};
		A44FF1C626A8ED8500CE9992 /* TryCatchTests */ = {
			isa = PBXNativeTarget;
			buildConfigurationList = A44FF1DE26A8ED8500CE9992 /* Build configuration list for PBXNativeTarget "TryCatchTests" */;
			buildPhases = (
				A44FF1C326A8ED8500CE9992 /* Sources */,
				A44FF1C426A8ED8500CE9992 /* Frameworks */,
				A44FF1C526A8ED8500CE9992 /* Resources */,
			);
			buildRules = (
			);
			dependencies = (
				A44FF1C926A8ED8500CE9992 /* PBXTargetDependency */,
			);
			name = TryCatchTests;
			productName = TryCatchTests;
			productReference = A44FF1C726A8ED8500CE9992 /* TryCatchTests.xctest */;
			productType = "com.apple.product-type.bundle.unit-test";
		};
		A44FF1D126A8ED8500CE9992 /* TryCatchUITests */ = {
			isa = PBXNativeTarget;
			buildConfigurationList = A44FF1E126A8ED8500CE9992 /* Build configuration list for PBXNativeTarget "TryCatchUITests" */;
			buildPhases = (
				A44FF1CE26A8ED8500CE9992 /* Sources */,
				A44FF1CF26A8ED8500CE9992 /* Frameworks */,
				A44FF1D026A8ED8500CE9992 /* Resources */,
			);
			buildRules = (
			);
			dependencies = (
				A44FF1D426A8ED8500CE9992 /* PBXTargetDependency */,
			);
			name = TryCatchUITests;
			productName = TryCatchUITests;
			productReference = A44FF1D226A8ED8500CE9992 /* TryCatchUITests.xctest */;
			productType = "com.apple.product-type.bundle.ui-testing";
		};
/* End PBXNativeTarget section */

/* Begin PBXProject section */
		A44FF1A926A8ED8200CE9992 /* Project object */ = {
			isa = PBXProject;
			attributes = {
				LastSwiftUpdateCheck = 1250;
				LastUpgradeCheck = 1250;
				TargetAttributes = {
					A44FF1B026A8ED8200CE9992 = {
						CreatedOnToolsVersion = 12.5;
					};
					A44FF1C626A8ED8500CE9992 = {
						CreatedOnToolsVersion = 12.5;
						TestTargetID = A44FF1B026A8ED8200CE9992;
					};
					A44FF1D126A8ED8500CE9992 = {
						CreatedOnToolsVersion = 12.5;
						TestTargetID = A44FF1B026A8ED8200CE9992;
					};
				};
			};
			buildConfigurationList = A44FF1AC26A8ED8200CE9992 /* Build configuration list for PBXProject "TryCatch" */;
			compatibilityVersion = "Xcode 9.3";
			developmentRegion = en;
			hasScannedForEncodings = 0;
			knownRegions = (
				en,
				Base,
			);
			mainGroup = A44FF1A826A8ED8200CE9992;
			productRefGroup = A44FF1B226A8ED8200CE9992 /* Products */;
			projectDirPath = "";
			projectRoot = "";
			targets = (
				A44FF1B026A8ED8200CE9992 /* TryCatch */,
				A44FF1C626A8ED8500CE9992 /* TryCatchTests */,
				A44FF1D126A8ED8500CE9992 /* TryCatchUITests */,
			);
		};
/* End PBXProject section */

/* Begin PBXResourcesBuildPhase section */
		A44FF1AF26A8ED8200CE9992 /* Resources */ = {
			isa = PBXResourcesBuildPhase;
			buildActionMask = 2147483647;
			files = (
				A44FF1C126A8ED8400CE9992 /* LaunchScreen.storyboard in Resources */,
				A44FF1BE26A8ED8400CE9992 /* Assets.xcassets in Resources */,
				A44FF1BC26A8ED8200CE9992 /* Main.storyboard in Resources */,
			);
			runOnlyForDeploymentPostprocessing = 0;
		};
		A44FF1C526A8ED8500CE9992 /* Resources */ = {
			isa = PBXResourcesBuildPhase;
			buildActionMask = 2147483647;
			files = (
			);
			runOnlyForDeploymentPostprocessing = 0;
		};
		A44FF1D026A8ED8500CE9992 /* Resources */ = {
			isa = PBXResourcesBuildPhase;
			buildActionMask = 2147483647;
			files = (
			);
			runOnlyForDeploymentPostprocessing = 0;
		};
/* End PBXResourcesBuildPhase section */

/* Begin PBXSourcesBuildPhase section */
		A44FF1AD26A8ED8200CE9992 /* Sources */ = {
			isa = PBXSourcesBuildPhase;
			buildActionMask = 2147483647;
			files = (
				A44FF1B926A8ED8200CE9992 /* ViewController.swift in Sources */,
				A44FF1B526A8ED8200CE9992 /* AppDelegate.swift in Sources */,
				A44FF1B726A8ED8200CE9992 /* SceneDelegate.swift in Sources */,
			);
			runOnlyForDeploymentPostprocessing = 0;
		};
		A44FF1C326A8ED8500CE9992 /* Sources */ = {
			isa = PBXSourcesBuildPhase;
			buildActionMask = 2147483647;
			files = (
				A44FF1CC26A8ED8500CE9992 /* TryCatchTests.swift in Sources */,
			);
			runOnlyForDeploymentPostprocessing = 0;
		};
		A44FF1CE26A8ED8500CE9992 /* Sources */ = {
			isa = PBXSourcesBuildPhase;
			buildActionMask = 2147483647;
			files = (
				A44FF1D726A8ED8500CE9992 /* TryCatchUITests.swift in Sources */,
			);
			runOnlyForDeploymentPostprocessing = 0;
		};
/* End PBXSourcesBuildPhase section */

/* Begin PBXTargetDependency section */
		A44FF1C926A8ED8500CE9992 /* PBXTargetDependency */ = {
			isa = PBXTargetDependency;
			target = A44FF1B026A8ED8200CE9992 /* TryCatch */;
			targetProxy = A44FF1C826A8ED8500CE9992 /* PBXContainerItemProxy */;
		};
		A44FF1D426A8ED8500CE9992 /* PBXTargetDependency */ = {
			isa = PBXTargetDependency;
			target = A44FF1B026A8ED8200CE9992 /* TryCatch */;
			targetProxy = A44FF1D326A8ED8500CE9992 /* PBXContainerItemProxy */;
		};
/* End PBXTargetDependency section */

/* Begin PBXVariantGroup section */
		A44FF1BA26A8ED8200CE9992 /* Main.storyboard */ = {
			isa = PBXVariantGroup;
			children = (
				A44FF1BB26A8ED8200CE9992 /* Base */,
			);
			name = Main.storyboard;
			sourceTree = "<group>";
		};
		A44FF1BF26A8ED8400CE9992 /* LaunchScreen.storyboard */ = {
			isa = PBXVariantGroup;
			children = (
				A44FF1C026A8ED8400CE9992 /* Base */,
			);
			name = LaunchScreen.storyboard;
			sourceTree = "<group>";
		};
/* End PBXVariantGroup section */

/* Begin XCBuildConfiguration section */
		A44FF1D926A8ED8500CE9992 /* Debug */ = {
			isa = XCBuildConfiguration;
			buildSettings = {
				ALWAYS_SEARCH_USER_PATHS = NO;
				CLANG_ANALYZER_NONNULL = YES;
				CLANG_ANALYZER_NUMBER_OBJECT_CONVERSION = YES_AGGRESSIVE;
				CLANG_CXX_LANGUAGE_STANDARD = "gnu++14";
				CLANG_CXX_LIBRARY = "libc++";
				CLANG_ENABLE_MODULES = YES;
				CLANG_ENABLE_OBJC_ARC = YES;
				CLANG_ENABLE_OBJC_WEAK = YES;
				CLANG_WARN_BLOCK_CAPTURE_AUTORELEASING = YES;
				CLANG_WARN_BOOL_CONVERSION = YES;
				CLANG_WARN_COMMA = YES;
				CLANG_WARN_CONSTANT_CONVERSION = YES;
				CLANG_WARN_DEPRECATED_OBJC_IMPLEMENTATIONS = YES;
				CLANG_WARN_DIRECT_OBJC_ISA_USAGE = YES_ERROR;
				CLANG_WARN_DOCUMENTATION_COMMENTS = YES;
				CLANG_WARN_EMPTY_BODY = YES;
				CLANG_WARN_ENUM_CONVERSION = YES;
				CLANG_WARN_INFINITE_RECURSION = YES;
				CLANG_WARN_INT_CONVERSION = YES;
				CLANG_WARN_NON_LITERAL_NULL_CONVERSION = YES;
				CLANG_WARN_OBJC_IMPLICIT_RETAIN_SELF = YES;
				CLANG_WARN_OBJC_LITERAL_CONVERSION = YES;
				CLANG_WARN_OBJC_ROOT_CLASS = YES_ERROR;
				CLANG_WARN_QUOTED_INCLUDE_IN_FRAMEWORK_HEADER = YES;
				CLANG_WARN_RANGE_LOOP_ANALYSIS = YES;
				CLANG_WARN_STRICT_PROTOTYPES = YES;
				CLANG_WARN_SUSPICIOUS_MOVE = YES;
				CLANG_WARN_UNGUARDED_AVAILABILITY = YES_AGGRESSIVE;
				CLANG_WARN_UNREACHABLE_CODE = YES;
				CLANG_WARN__DUPLICATE_METHOD_MATCH = YES;
				COPY_PHASE_STRIP = NO;
				DEBUG_INFORMATION_FORMAT = dwarf;
				ENABLE_STRICT_OBJC_MSGSEND = YES;
				ENABLE_TESTABILITY = YES;
				GCC_C_LANGUAGE_STANDARD = gnu11;
				GCC_DYNAMIC_NO_PIC = NO;
				GCC_NO_COMMON_BLOCKS = YES;
				GCC_OPTIMIZATION_LEVEL = 0;
				GCC_PREPROCESSOR_DEFINITIONS = (
					"DEBUG=1",
					"$(inherited)",
				);
				GCC_WARN_64_TO_32_BIT_CONVERSION = YES;
				GCC_WARN_ABOUT_RETURN_TYPE = YES_ERROR;
				GCC_WARN_UNDECLARED_SELECTOR = YES;
				GCC_WARN_UNINITIALIZED_AUTOS = YES_AGGRESSIVE;
				GCC_WARN_UNUSED_FUNCTION = YES;
				GCC_WARN_UNUSED_VARIABLE = YES;
				IPHONEOS_DEPLOYMENT_TARGET = 14.5;
				MTL_ENABLE_DEBUG_INFO = INCLUDE_SOURCE;
				MTL_FAST_MATH = YES;
				ONLY_ACTIVE_ARCH = YES;
				SDKROOT = iphoneos;
				SWIFT_ACTIVE_COMPILATION_CONDITIONS = DEBUG;
				SWIFT_OPTIMIZATION_LEVEL = "-Onone";
			};
			name = Debug;
		};
		A44FF1DA26A8ED8500CE9992 /* Release */ = {
			isa = XCBuildConfiguration;
			buildSettings = {
				ALWAYS_SEARCH_USER_PATHS = NO;
				CLANG_ANALYZER_NONNULL = YES;
				CLANG_ANALYZER_NUMBER_OBJECT_CONVERSION = YES_AGGRESSIVE;
				CLANG_CXX_LANGUAGE_STANDARD = "gnu++14";
				CLANG_CXX_LIBRARY = "libc++";
				CLANG_ENABLE_MODULES = YES;
				CLANG_ENABLE_OBJC_ARC = YES;
				CLANG_ENABLE_OBJC_WEAK = YES;
				CLANG_WARN_BLOCK_CAPTURE_AUTORELEASING = YES;
				CLANG_WARN_BOOL_CONVERSION = YES;
				CLANG_WARN_COMMA = YES;
				CLANG_WARN_CONSTANT_CONVERSION = YES;
				CLANG_WARN_DEPRECATED_OBJC_IMPLEMENTATIONS = YES;
				CLANG_WARN_DIRECT_OBJC_ISA_USAGE = YES_ERROR;
				CLANG_WARN_DOCUMENTATION_COMMENTS = YES;
				CLANG_WARN_EMPTY_BODY = YES;
				CLANG_WARN_ENUM_CONVERSION = YES;
				CLANG_WARN_INFINITE_RECURSION = YES;
				CLANG_WARN_INT_CONVERSION = YES;
				CLANG_WARN_NON_LITERAL_NULL_CONVERSION = YES;
				CLANG_WARN_OBJC_IMPLICIT_RETAIN_SELF = YES;
				CLANG_WARN_OBJC_LITERAL_CONVERSION = YES;
				CLANG_WARN_OBJC_ROOT_CLASS = YES_ERROR;
				CLANG_WARN_QUOTED_INCLUDE_IN_FRAMEWORK_HEADER = YES;
				CLANG_WARN_RANGE_LOOP_ANALYSIS = YES;
				CLANG_WARN_STRICT_PROTOTYPES = YES;
				CLANG_WARN_SUSPICIOUS_MOVE = YES;
				CLANG_WARN_UNGUARDED_AVAILABILITY = YES_AGGRESSIVE;
				CLANG_WARN_UNREACHABLE_CODE = YES;
				CLANG_WARN__DUPLICATE_METHOD_MATCH = YES;
				COPY_PHASE_STRIP = NO;
				DEBUG_INFORMATION_FORMAT = "dwarf-with-dsym";
				ENABLE_NS_ASSERTIONS = NO;
				ENABLE_STRICT_OBJC_MSGSEND = YES;
				GCC_C_LANGUAGE_STANDARD = gnu11;
				GCC_NO_COMMON_BLOCKS = YES;
				GCC_WARN_64_TO_32_BIT_CONVERSION = YES;
				GCC_WARN_ABOUT_RETURN_TYPE = YES_ERROR;
				GCC_WARN_UNDECLARED_SELECTOR = YES;
				GCC_WARN_UNINITIALIZED_AUTOS = YES_AGGRESSIVE;
				GCC_WARN_UNUSED_FUNCTION = YES;
				GCC_WARN_UNUSED_VARIABLE = YES;
				IPHONEOS_DEPLOYMENT_TARGET = 14.5;
				MTL_ENABLE_DEBUG_INFO = NO;
				MTL_FAST_MATH = YES;
				SDKROOT = iphoneos;
				SWIFT_COMPILATION_MODE = wholemodule;
				SWIFT_OPTIMIZATION_LEVEL = "-O";
				VALIDATE_PRODUCT = YES;
			};
			name = Release;
		};
		A44FF1DC26A8ED8500CE9992 /* Debug */ = {
			isa = XCBuildConfiguration;
			buildSettings = {
				ASSETCATALOG_COMPILER_APPICON_NAME = AppIcon;
				ASSETCATALOG_COMPILER_GLOBAL_ACCENT_COLOR_NAME = AccentColor;
				CODE_SIGN_STYLE = Automatic;
				INFOPLIST_FILE = TryCatch/Info.plist;
				LD_RUNPATH_SEARCH_PATHS = (
					"$(inherited)",
					"@executable_path/Frameworks",
				);
				PRODUCT_BUNDLE_IDENTIFIER = com.academy.TryCatch;
				PRODUCT_NAME = "$(TARGET_NAME)";
				SWIFT_VERSION = 5.0;
				TARGETED_DEVICE_FAMILY = "1,2";
			};
			name = Debug;
		};
		A44FF1DD26A8ED8500CE9992 /* Release */ = {
			isa = XCBuildConfiguration;
			buildSettings = {
				ASSETCATALOG_COMPILER_APPICON_NAME = AppIcon;
				ASSETCATALOG_COMPILER_GLOBAL_ACCENT_COLOR_NAME = AccentColor;
				CODE_SIGN_STYLE = Automatic;
				INFOPLIST_FILE = TryCatch/Info.plist;
				LD_RUNPATH_SEARCH_PATHS = (
					"$(inherited)",
					"@executable_path/Frameworks",
				);
				PRODUCT_BUNDLE_IDENTIFIER = com.academy.TryCatch;
				PRODUCT_NAME = "$(TARGET_NAME)";
				SWIFT_VERSION = 5.0;
				TARGETED_DEVICE_FAMILY = "1,2";
			};
			name = Release;
		};
		A44FF1DF26A8ED8500CE9992 /* Debug */ = {
			isa = XCBuildConfiguration;
			buildSettings = {
				ALWAYS_EMBED_SWIFT_STANDARD_LIBRARIES = YES;
				BUNDLE_LOADER = "$(TEST_HOST)";
				CODE_SIGN_STYLE = Automatic;
				INFOPLIST_FILE = TryCatchTests/Info.plist;
				IPHONEOS_DEPLOYMENT_TARGET = 14.5;
				LD_RUNPATH_SEARCH_PATHS = (
					"$(inherited)",
					"@executable_path/Frameworks",
					"@loader_path/Frameworks",
				);
				PRODUCT_BUNDLE_IDENTIFIER = com.academy.TryCatchTests;
				PRODUCT_NAME = "$(TARGET_NAME)";
				SWIFT_VERSION = 5.0;
				TARGETED_DEVICE_FAMILY = "1,2";
				TEST_HOST = "$(BUILT_PRODUCTS_DIR)/TryCatch.app/TryCatch";
			};
			name = Debug;
		};
		A44FF1E026A8ED8500CE9992 /* Release */ = {
			isa = XCBuildConfiguration;
			buildSettings = {
				ALWAYS_EMBED_SWIFT_STANDARD_LIBRARIES = YES;
				BUNDLE_LOADER = "$(TEST_HOST)";
				CODE_SIGN_STYLE = Automatic;
				INFOPLIST_FILE = TryCatchTests/Info.plist;
				IPHONEOS_DEPLOYMENT_TARGET = 14.5;
				LD_RUNPATH_SEARCH_PATHS = (
					"$(inherited)",
					"@executable_path/Frameworks",
					"@loader_path/Frameworks",
				);
				PRODUCT_BUNDLE_IDENTIFIER = com.academy.TryCatchTests;
				PRODUCT_NAME = "$(TARGET_NAME)";
				SWIFT_VERSION = 5.0;
				TARGETED_DEVICE_FAMILY = "1,2";
				TEST_HOST = "$(BUILT_PRODUCTS_DIR)/TryCatch.app/TryCatch";
			};
			name = Release;
		};
		A44FF1E226A8ED8500CE9992 /* Debug */ = {
			isa = XCBuildConfiguration;
			buildSettings = {
				ALWAYS_EMBED_SWIFT_STANDARD_LIBRARIES = YES;
				CODE_SIGN_STYLE = Automatic;
				INFOPLIST_FILE = TryCatchUITests/Info.plist;
				LD_RUNPATH_SEARCH_PATHS = (
					"$(inherited)",
					"@executable_path/Frameworks",
					"@loader_path/Frameworks",
				);
				PRODUCT_BUNDLE_IDENTIFIER = com.academy.TryCatchUITests;
				PRODUCT_NAME = "$(TARGET_NAME)";
				SWIFT_VERSION = 5.0;
				TARGETED_DEVICE_FAMILY = "1,2";
				TEST_TARGET_NAME = TryCatch;
			};
			name = Debug;
		};
		A44FF1E326A8ED8500CE9992 /* Release */ = {
			isa = XCBuildConfiguration;
			buildSettings = {
				ALWAYS_EMBED_SWIFT_STANDARD_LIBRARIES = YES;
				CODE_SIGN_STYLE = Automatic;
				INFOPLIST_FILE = TryCatchUITests/Info.plist;
				LD_RUNPATH_SEARCH_PATHS = (
					"$(inherited)",
					"@executable_path/Frameworks",
					"@loader_path/Frameworks",
				);
				PRODUCT_BUNDLE_IDENTIFIER = com.academy.TryCatchUITests;
				PRODUCT_NAME = "$(TARGET_NAME)";
				SWIFT_VERSION = 5.0;
				TARGETED_DEVICE_FAMILY = "1,2";
				TEST_TARGET_NAME = TryCatch;
			};
			name = Release;
		};
/* End XCBuildConfiguration section */

/* Begin XCConfigurationList section */
		A44FF1AC26A8ED8200CE9992 /* Build configuration list for PBXProject "TryCatch" */ = {
			isa = XCConfigurationList;
			buildConfigurations = (
				A44FF1D926A8ED8500CE9992 /* Debug */,
				A44FF1DA26A8ED8500CE9992 /* Release */,
			);
			defaultConfigurationIsVisible = 0;
			defaultConfigurationName = Release;
		};
		A44FF1DB26A8ED8500CE9992 /* Build configuration list for PBXNativeTarget "TryCatch" */ = {
			isa = XCConfigurationList;
			buildConfigurations = (
				A44FF1DC26A8ED8500CE9992 /* Debug */,
				A44FF1DD26A8ED8500CE9992 /* Release */,
			);
			defaultConfigurationIsVisible = 0;
			defaultConfigurationName = Release;
		};
		A44FF1DE26A8ED8500CE9992 /* Build configuration list for PBXNativeTarget "TryCatchTests" */ = {
			isa = XCConfigurationList;
			buildConfigurations = (
				A44FF1DF26A8ED8500CE9992 /* Debug */,
				A44FF1E026A8ED8500CE9992 /* Release */,
			);
			defaultConfigurationIsVisible = 0;
			defaultConfigurationName = Release;
		};
		A44FF1E126A8ED8500CE9992 /* Build configuration list for PBXNativeTarget "TryCatchUITests" */ = {
			isa = XCConfigurationList;
			buildConfigurations = (
				A44FF1E226A8ED8500CE9992 /* Debug */,
				A44FF1E326A8ED8500CE9992 /* Release */,
			);
			defaultConfigurationIsVisible = 0;
			defaultConfigurationName = Release;
		};
/* End XCConfigurationList section */
	};
	rootObject = A44FF1A926A8ED8200CE9992 /* Project object */;
}
