// !$*UTF8*$!
{
	archiveVersion = 1;
	classes = {
	};
	objectVersion = 50;
	objects = {

/* Begin PBXBuildFile section */
		A44FF0FA26A8CD6B00CE9992 /* AppDelegate.swift in Sources */ = {isa = PBXBuildFile; fileRef = A44FF0F926A8CD6B00CE9992 /* AppDelegate.swift */; };
		A44FF0FC26A8CD6B00CE9992 /* SceneDelegate.swift in Sources */ = {isa = PBXBuildFile; fileRef = A44FF0FB26A8CD6B00CE9992 /* SceneDelegate.swift */; };
		A44FF0FE26A8CD6B00CE9992 /* ViewController.swift in Sources */ = {isa = PBXBuildFile; fileRef = A44FF0FD26A8CD6B00CE9992 /* ViewController.swift */; };
		A44FF10126A8CD6B00CE9992 /* Main.storyboard in Resources */ = {isa = PBXBuildFile; fileRef = A44FF0FF26A8CD6B00CE9992 /* Main.storyboard */; };
		A44FF10326A8CD6E00CE9992 /* Assets.xcassets in Resources */ = {isa = PBXBuildFile; fileRef = A44FF10226A8CD6E00CE9992 /* Assets.xcassets */; };
		A44FF10626A8CD6E00CE9992 /* LaunchScreen.storyboard in Resources */ = {isa = PBXBuildFile; fileRef = A44FF10426A8CD6E00CE9992 /* LaunchScreen.storyboard */; };
		A44FF11126A8CD6E00CE9992 /* DelegatesTests.swift in Sources */ = {isa = PBXBuildFile; fileRef = A44FF11026A8CD6E00CE9992 /* DelegatesTests.swift */; };
		A44FF11C26A8CD6E00CE9992 /* DelegatesUITests.swift in Sources */ = {isa = PBXBuildFile; fileRef = A44FF11B26A8CD6E00CE9992 /* DelegatesUITests.swift */; };
		A44FF12A26A8CD9B00CE9992 /* MyTable.swift in Sources */ = {isa = PBXBuildFile; fileRef = A44FF12926A8CD9B00CE9992 /* MyTable.swift */; };
/* End PBXBuildFile section */

/* Begin PBXContainerItemProxy section */
		A44FF10D26A8CD6E00CE9992 /* PBXContainerItemProxy */ = {
			isa = PBXContainerItemProxy;
			containerPortal = A44FF0EE26A8CD6B00CE9992 /* Project object */;
			proxyType = 1;
			remoteGlobalIDString = A44FF0F526A8CD6B00CE9992;
			remoteInfo = Delegates;
		};
		A44FF11826A8CD6E00CE9992 /* PBXContainerItemProxy */ = {
			isa = PBXContainerItemProxy;
			containerPortal = A44FF0EE26A8CD6B00CE9992 /* Project object */;
			proxyType = 1;
			remoteGlobalIDString = A44FF0F526A8CD6B00CE9992;
			remoteInfo = Delegates;
		};
/* End PBXContainerItemProxy section */

/* Begin PBXFileReference section */
		A44FF0F626A8CD6B00CE9992 /* Delegates.app */ = {isa = PBXFileReference; explicitFileType = wrapper.application; includeInIndex = 0; path = Delegates.app; sourceTree = BUILT_PRODUCTS_DIR; };
		A44FF0F926A8CD6B00CE9992 /* AppDelegate.swift */ = {isa = PBXFileReference; lastKnownFileType = sourcecode.swift; path = AppDelegate.swift; sourceTree = "<group>"; };
		A44FF0FB26A8CD6B00CE9992 /* SceneDelegate.swift */ = {isa = PBXFileReference; lastKnownFileType = sourcecode.swift; path = SceneDelegate.swift; sourceTree = "<group>"; };
		A44FF0FD26A8CD6B00CE9992 /* ViewController.swift */ = {isa = PBXFileReference; lastKnownFileType = sourcecode.swift; path = ViewController.swift; sourceTree = "<group>"; };
		A44FF10026A8CD6B00CE9992 /* Base */ = {isa = PBXFileReference; lastKnownFileType = file.storyboard; name = Base; path = Base.lproj/Main.storyboard; sourceTree = "<group>"; };
		A44FF10226A8CD6E00CE9992 /* Assets.xcassets */ = {isa = PBXFileReference; lastKnownFileType = folder.assetcatalog; path = Assets.xcassets; sourceTree = "<group>"; };
		A44FF10526A8CD6E00CE9992 /* Base */ = {isa = PBXFileReference; lastKnownFileType = file.storyboard; name = Base; path = Base.lproj/LaunchScreen.storyboard; sourceTree = "<group>"; };
		A44FF10726A8CD6E00CE9992 /* Info.plist */ = {isa = PBXFileReference; lastKnownFileType = text.plist.xml; path = Info.plist; sourceTree = "<group>"; };
		A44FF10C26A8CD6E00CE9992 /* DelegatesTests.xctest */ = {isa = PBXFileReference; explicitFileType = wrapper.cfbundle; includeInIndex = 0; path = DelegatesTests.xctest; sourceTree = BUILT_PRODUCTS_DIR; };
		A44FF11026A8CD6E00CE9992 /* DelegatesTests.swift */ = {isa = PBXFileReference; lastKnownFileType = sourcecode.swift; path = DelegatesTests.swift; sourceTree = "<group>"; };
		A44FF11226A8CD6E00CE9992 /* Info.plist */ = {isa = PBXFileReference; lastKnownFileType = text.plist.xml; path = Info.plist; sourceTree = "<group>"; };
		A44FF11726A8CD6E00CE9992 /* DelegatesUITests.xctest */ = {isa = PBXFileReference; explicitFileType = wrapper.cfbundle; includeInIndex = 0; path = DelegatesUITests.xctest; sourceTree = BUILT_PRODUCTS_DIR; };
		A44FF11B26A8CD6E00CE9992 /* DelegatesUITests.swift */ = {isa = PBXFileReference; lastKnownFileType = sourcecode.swift; path = DelegatesUITests.swift; sourceTree = "<group>"; };
		A44FF11D26A8CD6E00CE9992 /* Info.plist */ = {isa = PBXFileReference; lastKnownFileType = text.plist.xml; path = Info.plist; sourceTree = "<group>"; };
		A44FF12926A8CD9B00CE9992 /* MyTable.swift */ = {isa = PBXFileReference; lastKnownFileType = sourcecode.swift; path = MyTable.swift; sourceTree = "<group>"; };
/* End PBXFileReference section */

/* Begin PBXFrameworksBuildPhase section */
		A44FF0F326A8CD6B00CE9992 /* Frameworks */ = {
			isa = PBXFrameworksBuildPhase;
			buildActionMask = 2147483647;
			files = (
			);
			runOnlyForDeploymentPostprocessing = 0;
		};
		A44FF10926A8CD6E00CE9992 /* Frameworks */ = {
			isa = PBXFrameworksBuildPhase;
			buildActionMask = 2147483647;
			files = (
			);
			runOnlyForDeploymentPostprocessing = 0;
		};
		A44FF11426A8CD6E00CE9992 /* Frameworks */ = {
			isa = PBXFrameworksBuildPhase;
			buildActionMask = 2147483647;
			files = (
			);
			runOnlyForDeploymentPostprocessing = 0;
		};
/* End PBXFrameworksBuildPhase section */

/* Begin PBXGroup section */
		A44FF0ED26A8CD6B00CE9992 = {
			isa = PBXGroup;
			children = (
				A44FF0F826A8CD6B00CE9992 /* Delegates */,
				A44FF10F26A8CD6E00CE9992 /* DelegatesTests */,
				A44FF11A26A8CD6E00CE9992 /* DelegatesUITests */,
				A44FF0F726A8CD6B00CE9992 /* Products */,
			);
			sourceTree = "<group>";
		};
		A44FF0F726A8CD6B00CE9992 /* Products */ = {
			isa = PBXGroup;
			children = (
				A44FF0F626A8CD6B00CE9992 /* Delegates.app */,
				A44FF10C26A8CD6E00CE9992 /* DelegatesTests.xctest */,
				A44FF11726A8CD6E00CE9992 /* DelegatesUITests.xctest */,
			);
			name = Products;
			sourceTree = "<group>";
		};
		A44FF0F826A8CD6B00CE9992 /* Delegates */ = {
			isa = PBXGroup;
			children = (
				A44FF0F926A8CD6B00CE9992 /* AppDelegate.swift */,
				A44FF0FB26A8CD6B00CE9992 /* SceneDelegate.swift */,
				A44FF0FD26A8CD6B00CE9992 /* ViewController.swift */,
				A44FF0FF26A8CD6B00CE9992 /* Main.storyboard */,
				A44FF10226A8CD6E00CE9992 /* Assets.xcassets */,
				A44FF10426A8CD6E00CE9992 /* LaunchScreen.storyboard */,
				A44FF10726A8CD6E00CE9992 /* Info.plist */,
				A44FF12926A8CD9B00CE9992 /* MyTable.swift */,
			);
			path = Delegates;
			sourceTree = "<group>";
		};
		A44FF10F26A8CD6E00CE9992 /* DelegatesTests */ = {
			isa = PBXGroup;
			children = (
				A44FF11026A8CD6E00CE9992 /* DelegatesTests.swift */,
				A44FF11226A8CD6E00CE9992 /* Info.plist */,
			);
			path = DelegatesTests;
			sourceTree = "<group>";
		};
		A44FF11A26A8CD6E00CE9992 /* DelegatesUITests */ = {
			isa = PBXGroup;
			children = (
				A44FF11B26A8CD6E00CE9992 /* DelegatesUITests.swift */,
				A44FF11D26A8CD6E00CE9992 /* Info.plist */,
			);
			path = DelegatesUITests;
			sourceTree = "<group>";
		};
/* End PBXGroup section */

/* Begin PBXNativeTarget section */
		A44FF0F526A8CD6B00CE9992 /* Delegates */ = {
			isa = PBXNativeTarget;
			buildConfigurationList = A44FF12026A8CD6E00CE9992 /* Build configuration list for PBXNativeTarget "Delegates" */;
			buildPhases = (
				A44FF0F226A8CD6B00CE9992 /* Sources */,
				A44FF0F326A8CD6B00CE9992 /* Frameworks */,
				A44FF0F426A8CD6B00CE9992 /* Resources */,
			);
			buildRules = (
			);
			dependencies = (
			);
			name = Delegates;
			productName = Delegates;
			productReference = A44FF0F626A8CD6B00CE9992 /* Delegates.app */;
			productType = "com.apple.product-type.application";
		};
		A44FF10B26A8CD6E00CE9992 /* DelegatesTests */ = {
			isa = PBXNativeTarget;
			buildConfigurationList = A44FF12326A8CD6E00CE9992 /* Build configuration list for PBXNativeTarget "DelegatesTests" */;
			buildPhases = (
				A44FF10826A8CD6E00CE9992 /* Sources */,
				A44FF10926A8CD6E00CE9992 /* Frameworks */,
				A44FF10A26A8CD6E00CE9992 /* Resources */,
			);
			buildRules = (
			);
			dependencies = (
				A44FF10E26A8CD6E00CE9992 /* PBXTargetDependency */,
			);
			name = DelegatesTests;
			productName = DelegatesTests;
			productReference = A44FF10C26A8CD6E00CE9992 /* DelegatesTests.xctest */;
			productType = "com.apple.product-type.bundle.unit-test";
		};
		A44FF11626A8CD6E00CE9992 /* DelegatesUITests */ = {
			isa = PBXNativeTarget;
			buildConfigurationList = A44FF12626A8CD6E00CE9992 /* Build configuration list for PBXNativeTarget "DelegatesUITests" */;
			buildPhases = (
				A44FF11326A8CD6E00CE9992 /* Sources */,
				A44FF11426A8CD6E00CE9992 /* Frameworks */,
				A44FF11526A8CD6E00CE9992 /* Resources */,
			);
			buildRules = (
			);
			dependencies = (
				A44FF11926A8CD6E00CE9992 /* PBXTargetDependency */,
			);
			name = DelegatesUITests;
			productName = DelegatesUITests;
			productReference = A44FF11726A8CD6E00CE9992 /* DelegatesUITests.xctest */;
			productType = "com.apple.product-type.bundle.ui-testing";
		};
/* End PBXNativeTarget section */

/* Begin PBXProject section */
		A44FF0EE26A8CD6B00CE9992 /* Project object */ = {
			isa = PBXProject;
			attributes = {
				LastSwiftUpdateCheck = 1250;
				LastUpgradeCheck = 1250;
				TargetAttributes = {
					A44FF0F526A8CD6B00CE9992 = {
						CreatedOnToolsVersion = 12.5;
					};
					A44FF10B26A8CD6E00CE9992 = {
						CreatedOnToolsVersion = 12.5;
						TestTargetID = A44FF0F526A8CD6B00CE9992;
					};
					A44FF11626A8CD6E00CE9992 = {
						CreatedOnToolsVersion = 12.5;
						TestTargetID = A44FF0F526A8CD6B00CE9992;
					};
				};
			};
			buildConfigurationList = A44FF0F126A8CD6B00CE9992 /* Build configuration list for PBXProject "Delegates" */;
			compatibilityVersion = "Xcode 9.3";
			developmentRegion = en;
			hasScannedForEncodings = 0;
			knownRegions = (
				en,
				Base,
			);
			mainGroup = A44FF0ED26A8CD6B00CE9992;
			productRefGroup = A44FF0F726A8CD6B00CE9992 /* Products */;
			projectDirPath = "";
			projectRoot = "";
			targets = (
				A44FF0F526A8CD6B00CE9992 /* Delegates */,
				A44FF10B26A8CD6E00CE9992 /* DelegatesTests */,
				A44FF11626A8CD6E00CE9992 /* DelegatesUITests */,
			);
		};
/* End PBXProject section */

/* Begin PBXResourcesBuildPhase section */
		A44FF0F426A8CD6B00CE9992 /* Resources */ = {
			isa = PBXResourcesBuildPhase;
			buildActionMask = 2147483647;
			files = (
				A44FF10626A8CD6E00CE9992 /* LaunchScreen.storyboard in Resources */,
				A44FF10326A8CD6E00CE9992 /* Assets.xcassets in Resources */,
				A44FF10126A8CD6B00CE9992 /* Main.storyboard in Resources */,
			);
			runOnlyForDeploymentPostprocessing = 0;
		};
		A44FF10A26A8CD6E00CE9992 /* Resources */ = {
			isa = PBXResourcesBuildPhase;
			buildActionMask = 2147483647;
			files = (
			);
			runOnlyForDeploymentPostprocessing = 0;
		};
		A44FF11526A8CD6E00CE9992 /* Resources */ = {
			isa = PBXResourcesBuildPhase;
			buildActionMask = 2147483647;
			files = (
			);
			runOnlyForDeploymentPostprocessing = 0;
		};
/* End PBXResourcesBuildPhase section */

/* Begin PBXSourcesBuildPhase section */
		A44FF0F226A8CD6B00CE9992 /* Sources */ = {
			isa = PBXSourcesBuildPhase;
			buildActionMask = 2147483647;
			files = (
				A44FF0FE26A8CD6B00CE9992 /* ViewController.swift in Sources */,
				A44FF0FA26A8CD6B00CE9992 /* AppDelegate.swift in Sources */,
				A44FF12A26A8CD9B00CE9992 /* MyTable.swift in Sources */,
				A44FF0FC26A8CD6B00CE9992 /* SceneDelegate.swift in Sources */,
			);
			runOnlyForDeploymentPostprocessing = 0;
		};
		A44FF10826A8CD6E00CE9992 /* Sources */ = {
			isa = PBXSourcesBuildPhase;
			buildActionMask = 2147483647;
			files = (
				A44FF11126A8CD6E00CE9992 /* DelegatesTests.swift in Sources */,
			);
			runOnlyForDeploymentPostprocessing = 0;
		};
		A44FF11326A8CD6E00CE9992 /* Sources */ = {
			isa = PBXSourcesBuildPhase;
			buildActionMask = 2147483647;
			files = (
				A44FF11C26A8CD6E00CE9992 /* DelegatesUITests.swift in Sources */,
			);
			runOnlyForDeploymentPostprocessing = 0;
		};
/* End PBXSourcesBuildPhase section */

/* Begin PBXTargetDependency section */
		A44FF10E26A8CD6E00CE9992 /* PBXTargetDependency */ = {
			isa = PBXTargetDependency;
			target = A44FF0F526A8CD6B00CE9992 /* Delegates */;
			targetProxy = A44FF10D26A8CD6E00CE9992 /* PBXContainerItemProxy */;
		};
		A44FF11926A8CD6E00CE9992 /* PBXTargetDependency */ = {
			isa = PBXTargetDependency;
			target = A44FF0F526A8CD6B00CE9992 /* Delegates */;
			targetProxy = A44FF11826A8CD6E00CE9992 /* PBXContainerItemProxy */;
		};
/* End PBXTargetDependency section */

/* Begin PBXVariantGroup section */
		A44FF0FF26A8CD6B00CE9992 /* Main.storyboard */ = {
			isa = PBXVariantGroup;
			children = (
				A44FF10026A8CD6B00CE9992 /* Base */,
			);
			name = Main.storyboard;
			sourceTree = "<group>";
		};
		A44FF10426A8CD6E00CE9992 /* LaunchScreen.storyboard */ = {
			isa = PBXVariantGroup;
			children = (
				A44FF10526A8CD6E00CE9992 /* Base */,
			);
			name = LaunchScreen.storyboard;
			sourceTree = "<group>";
		};
/* End PBXVariantGroup section */

/* Begin XCBuildConfiguration section */
		A44FF11E26A8CD6E00CE9992 /* Debug */ = {
			isa = XCBuildConfiguration;
			buildSettings = {
				ALWAYS_SEARCH_USER_PATHS = NO;
				CLANG_ANALYZER_NONNULL = YES;
				CLANG_ANALYZER_NUMBER_OBJECT_CONVERSION = YES_AGGRESSIVE;
				CLANG_CXX_LANGUAGE_STANDARD = "gnu++14";
				CLANG_CXX_LIBRARY = "libc++";
				CLANG_ENABLE_MODULES = YES;
				CLANG_ENABLE_OBJC_ARC = YES;
				CLANG_ENABLE_OBJC_WEAK = YES;
				CLANG_WARN_BLOCK_CAPTURE_AUTORELEASING = YES;
				CLANG_WARN_BOOL_CONVERSION = YES;
				CLANG_WARN_COMMA = YES;
				CLANG_WARN_CONSTANT_CONVERSION = YES;
				CLANG_WARN_DEPRECATED_OBJC_IMPLEMENTATIONS = YES;
				CLANG_WARN_DIRECT_OBJC_ISA_USAGE = YES_ERROR;
				CLANG_WARN_DOCUMENTATION_COMMENTS = YES;
				CLANG_WARN_EMPTY_BODY = YES;
				CLANG_WARN_ENUM_CONVERSION = YES;
				CLANG_WARN_INFINITE_RECURSION = YES;
				CLANG_WARN_INT_CONVERSION = YES;
				CLANG_WARN_NON_LITERAL_NULL_CONVERSION = YES;
				CLANG_WARN_OBJC_IMPLICIT_RETAIN_SELF = YES;
				CLANG_WARN_OBJC_LITERAL_CONVERSION = YES;
				CLANG_WARN_OBJC_ROOT_CLASS = YES_ERROR;
				CLANG_WARN_QUOTED_INCLUDE_IN_FRAMEWORK_HEADER = YES;
				CLANG_WARN_RANGE_LOOP_ANALYSIS = YES;
				CLANG_WARN_STRICT_PROTOTYPES = YES;
				CLANG_WARN_SUSPICIOUS_MOVE = YES;
				CLANG_WARN_UNGUARDED_AVAILABILITY = YES_AGGRESSIVE;
				CLANG_WARN_UNREACHABLE_CODE = YES;
				CLANG_WARN__DUPLICATE_METHOD_MATCH = YES;
				COPY_PHASE_STRIP = NO;
				DEBUG_INFORMATION_FORMAT = dwarf;
				ENABLE_STRICT_OBJC_MSGSEND = YES;
				ENABLE_TESTABILITY = YES;
				GCC_C_LANGUAGE_STANDARD = gnu11;
				GCC_DYNAMIC_NO_PIC = NO;
				GCC_NO_COMMON_BLOCKS = YES;
				GCC_OPTIMIZATION_LEVEL = 0;
				GCC_PREPROCESSOR_DEFINITIONS = (
					"DEBUG=1",
					"$(inherited)",
				);
				GCC_WARN_64_TO_32_BIT_CONVERSION = YES;
				GCC_WARN_ABOUT_RETURN_TYPE = YES_ERROR;
				GCC_WARN_UNDECLARED_SELECTOR = YES;
				GCC_WARN_UNINITIALIZED_AUTOS = YES_AGGRESSIVE;
				GCC_WARN_UNUSED_FUNCTION = YES;
				GCC_WARN_UNUSED_VARIABLE = YES;
				IPHONEOS_DEPLOYMENT_TARGET = 14.5;
				MTL_ENABLE_DEBUG_INFO = INCLUDE_SOURCE;
				MTL_FAST_MATH = YES;
				ONLY_ACTIVE_ARCH = YES;
				SDKROOT = iphoneos;
				SWIFT_ACTIVE_COMPILATION_CONDITIONS = DEBUG;
				SWIFT_OPTIMIZATION_LEVEL = "-Onone";
			};
			name = Debug;
		};
		A44FF11F26A8CD6E00CE9992 /* Release */ = {
			isa = XCBuildConfiguration;
			buildSettings = {
				ALWAYS_SEARCH_USER_PATHS = NO;
				CLANG_ANALYZER_NONNULL = YES;
				CLANG_ANALYZER_NUMBER_OBJECT_CONVERSION = YES_AGGRESSIVE;
				CLANG_CXX_LANGUAGE_STANDARD = "gnu++14";
				CLANG_CXX_LIBRARY = "libc++";
				CLANG_ENABLE_MODULES = YES;
				CLANG_ENABLE_OBJC_ARC = YES;
				CLANG_ENABLE_OBJC_WEAK = YES;
				CLANG_WARN_BLOCK_CAPTURE_AUTORELEASING = YES;
				CLANG_WARN_BOOL_CONVERSION = YES;
				CLANG_WARN_COMMA = YES;
				CLANG_WARN_CONSTANT_CONVERSION = YES;
				CLANG_WARN_DEPRECATED_OBJC_IMPLEMENTATIONS = YES;
				CLANG_WARN_DIRECT_OBJC_ISA_USAGE = YES_ERROR;
				CLANG_WARN_DOCUMENTATION_COMMENTS = YES;
				CLANG_WARN_EMPTY_BODY = YES;
				CLANG_WARN_ENUM_CONVERSION = YES;
				CLANG_WARN_INFINITE_RECURSION = YES;
				CLANG_WARN_INT_CONVERSION = YES;
				CLANG_WARN_NON_LITERAL_NULL_CONVERSION = YES;
				CLANG_WARN_OBJC_IMPLICIT_RETAIN_SELF = YES;
				CLANG_WARN_OBJC_LITERAL_CONVERSION = YES;
				CLANG_WARN_OBJC_ROOT_CLASS = YES_ERROR;
				CLANG_WARN_QUOTED_INCLUDE_IN_FRAMEWORK_HEADER = YES;
				CLANG_WARN_RANGE_LOOP_ANALYSIS = YES;
				CLANG_WARN_STRICT_PROTOTYPES = YES;
				CLANG_WARN_SUSPICIOUS_MOVE = YES;
				CLANG_WARN_UNGUARDED_AVAILABILITY = YES_AGGRESSIVE;
				CLANG_WARN_UNREACHABLE_CODE = YES;
				CLANG_WARN__DUPLICATE_METHOD_MATCH = YES;
				COPY_PHASE_STRIP = NO;
				DEBUG_INFORMATION_FORMAT = "dwarf-with-dsym";
				ENABLE_NS_ASSERTIONS = NO;
				ENABLE_STRICT_OBJC_MSGSEND = YES;
				GCC_C_LANGUAGE_STANDARD = gnu11;
				GCC_NO_COMMON_BLOCKS = YES;
				GCC_WARN_64_TO_32_BIT_CONVERSION = YES;
				GCC_WARN_ABOUT_RETURN_TYPE = YES_ERROR;
				GCC_WARN_UNDECLARED_SELECTOR = YES;
				GCC_WARN_UNINITIALIZED_AUTOS = YES_AGGRESSIVE;
				GCC_WARN_UNUSED_FUNCTION = YES;
				GCC_WARN_UNUSED_VARIABLE = YES;
				IPHONEOS_DEPLOYMENT_TARGET = 14.5;
				MTL_ENABLE_DEBUG_INFO = NO;
				MTL_FAST_MATH = YES;
				SDKROOT = iphoneos;
				SWIFT_COMPILATION_MODE = wholemodule;
				SWIFT_OPTIMIZATION_LEVEL = "-O";
				VALIDATE_PRODUCT = YES;
			};
			name = Release;
		};
		A44FF12126A8CD6E00CE9992 /* Debug */ = {
			isa = XCBuildConfiguration;
			buildSettings = {
				ASSETCATALOG_COMPILER_APPICON_NAME = AppIcon;
				ASSETCATALOG_COMPILER_GLOBAL_ACCENT_COLOR_NAME = AccentColor;
				CODE_SIGN_STYLE = Manual;
				DEVELOPMENT_TEAM = "";
				INFOPLIST_FILE = Delegates/Info.plist;
				LD_RUNPATH_SEARCH_PATHS = (
					"$(inherited)",
					"@executable_path/Frameworks",
				);
				PRODUCT_BUNDLE_IDENTIFIER = com.test.delegates.Delegates;
				PRODUCT_NAME = "$(TARGET_NAME)";
				PROVISIONING_PROFILE_SPECIFIER = "";
				SWIFT_VERSION = 5.0;
				TARGETED_DEVICE_FAMILY = "1,2";
			};
			name = Debug;
		};
		A44FF12226A8CD6E00CE9992 /* Release */ = {
			isa = XCBuildConfiguration;
			buildSettings = {
				ASSETCATALOG_COMPILER_APPICON_NAME = AppIcon;
				ASSETCATALOG_COMPILER_GLOBAL_ACCENT_COLOR_NAME = AccentColor;
				CODE_SIGN_STYLE = Manual;
				DEVELOPMENT_TEAM = "";
				INFOPLIST_FILE = Delegates/Info.plist;
				LD_RUNPATH_SEARCH_PATHS = (
					"$(inherited)",
					"@executable_path/Frameworks",
				);
				PRODUCT_BUNDLE_IDENTIFIER = com.test.delegates.Delegates;
				PRODUCT_NAME = "$(TARGET_NAME)";
				PROVISIONING_PROFILE_SPECIFIER = "";
				SWIFT_VERSION = 5.0;
				TARGETED_DEVICE_FAMILY = "1,2";
			};
			name = Release;
		};
		A44FF12426A8CD6E00CE9992 /* Debug */ = {
			isa = XCBuildConfiguration;
			buildSettings = {
				ALWAYS_EMBED_SWIFT_STANDARD_LIBRARIES = YES;
				BUNDLE_LOADER = "$(TEST_HOST)";
				CODE_SIGN_STYLE = Automatic;
				DEVELOPMENT_TEAM = 8X864N9A3N;
				INFOPLIST_FILE = DelegatesTests/Info.plist;
				IPHONEOS_DEPLOYMENT_TARGET = 14.5;
				LD_RUNPATH_SEARCH_PATHS = (
					"$(inherited)",
					"@executable_path/Frameworks",
					"@loader_path/Frameworks",
				);
				PRODUCT_BUNDLE_IDENTIFIER = com.test.delegates.DelegatesTests;
				PRODUCT_NAME = "$(TARGET_NAME)";
				SWIFT_VERSION = 5.0;
				TARGETED_DEVICE_FAMILY = "1,2";
				TEST_HOST = "$(BUILT_PRODUCTS_DIR)/Delegates.app/Delegates";
			};
			name = Debug;
		};
		A44FF12526A8CD6E00CE9992 /* Release */ = {
			isa = XCBuildConfiguration;
			buildSettings = {
				ALWAYS_EMBED_SWIFT_STANDARD_LIBRARIES = YES;
				BUNDLE_LOADER = "$(TEST_HOST)";
				CODE_SIGN_STYLE = Automatic;
				DEVELOPMENT_TEAM = 8X864N9A3N;
				INFOPLIST_FILE = DelegatesTests/Info.plist;
				IPHONEOS_DEPLOYMENT_TARGET = 14.5;
				LD_RUNPATH_SEARCH_PATHS = (
					"$(inherited)",
					"@executable_path/Frameworks",
					"@loader_path/Frameworks",
				);
				PRODUCT_BUNDLE_IDENTIFIER = com.test.delegates.DelegatesTests;
				PRODUCT_NAME = "$(TARGET_NAME)";
				SWIFT_VERSION = 5.0;
				TARGETED_DEVICE_FAMILY = "1,2";
				TEST_HOST = "$(BUILT_PRODUCTS_DIR)/Delegates.app/Delegates";
			};
			name = Release;
		};
		A44FF12726A8CD6E00CE9992 /* Debug */ = {
			isa = XCBuildConfiguration;
			buildSettings = {
				ALWAYS_EMBED_SWIFT_STANDARD_LIBRARIES = YES;
				CODE_SIGN_STYLE = Automatic;
				DEVELOPMENT_TEAM = 8X864N9A3N;
				INFOPLIST_FILE = DelegatesUITests/Info.plist;
				LD_RUNPATH_SEARCH_PATHS = (
					"$(inherited)",
					"@executable_path/Frameworks",
					"@loader_path/Frameworks",
				);
				PRODUCT_BUNDLE_IDENTIFIER = com.test.delegates.DelegatesUITests;
				PRODUCT_NAME = "$(TARGET_NAME)";
				SWIFT_VERSION = 5.0;
				TARGETED_DEVICE_FAMILY = "1,2";
				TEST_TARGET_NAME = Delegates;
			};
			name = Debug;
		};
		A44FF12826A8CD6E00CE9992 /* Release */ = {
			isa = XCBuildConfiguration;
			buildSettings = {
				ALWAYS_EMBED_SWIFT_STANDARD_LIBRARIES = YES;
				CODE_SIGN_STYLE = Automatic;
				DEVELOPMENT_TEAM = 8X864N9A3N;
				INFOPLIST_FILE = DelegatesUITests/Info.plist;
				LD_RUNPATH_SEARCH_PATHS = (
					"$(inherited)",
					"@executable_path/Frameworks",
					"@loader_path/Frameworks",
				);
				PRODUCT_BUNDLE_IDENTIFIER = com.test.delegates.DelegatesUITests;
				PRODUCT_NAME = "$(TARGET_NAME)";
				SWIFT_VERSION = 5.0;
				TARGETED_DEVICE_FAMILY = "1,2";
				TEST_TARGET_NAME = Delegates;
			};
			name = Release;
		};
/* End XCBuildConfiguration section */

/* Begin XCConfigurationList section */
		A44FF0F126A8CD6B00CE9992 /* Build configuration list for PBXProject "Delegates" */ = {
			isa = XCConfigurationList;
			buildConfigurations = (
				A44FF11E26A8CD6E00CE9992 /* Debug */,
				A44FF11F26A8CD6E00CE9992 /* Release */,
			);
			defaultConfigurationIsVisible = 0;
			defaultConfigurationName = Release;
		};
		A44FF12026A8CD6E00CE9992 /* Build configuration list for PBXNativeTarget "Delegates" */ = {
			isa = XCConfigurationList;
			buildConfigurations = (
				A44FF12126A8CD6E00CE9992 /* Debug */,
				A44FF12226A8CD6E00CE9992 /* Release */,
			);
			defaultConfigurationIsVisible = 0;
			defaultConfigurationName = Release;
		};
		A44FF12326A8CD6E00CE9992 /* Build configuration list for PBXNativeTarget "DelegatesTests" */ = {
			isa = XCConfigurationList;
			buildConfigurations = (
				A44FF12426A8CD6E00CE9992 /* Debug */,
				A44FF12526A8CD6E00CE9992 /* Release */,
			);
			defaultConfigurationIsVisible = 0;
			defaultConfigurationName = Release;
		};
		A44FF12626A8CD6E00CE9992 /* Build configuration list for PBXNativeTarget "DelegatesUITests" */ = {
			isa = XCConfigurationList;
			buildConfigurations = (
				A44FF12726A8CD6E00CE9992 /* Debug */,
				A44FF12826A8CD6E00CE9992 /* Release */,
			);
			defaultConfigurationIsVisible = 0;
			defaultConfigurationName = Release;
		};
/* End XCConfigurationList section */
	};
	rootObject = A44FF0EE26A8CD6B00CE9992 /* Project object */;
}
